
Microsoft Visual Studio Solution File, Format Version 12.00
# Visual Studio Version 16
VisualStudioVersion = 16.0.31402.337
MinimumVisualStudioVersion = 10.0.40219.1
Project("{9A19103F-16F7-4668-BE54-9A1E7A4F7556}") = "PhoneDirectory.WebApi", "PhoneDirectory.WebApi\PhoneDirectory.WebApi.csproj", "{0CA914A2-6715-4431-B24B-0DB8CE7DDC62}"
	ProjectSection(ProjectDependencies) = postProject
		{8587F25F-3620-4617-BB87-593A8B397433} = {8587F25F-3620-4617-BB87-593A8B397433}
	EndProjectSection
EndProject
Project("{9A19103F-16F7-4668-BE54-9A1E7A4F7556}") = "PhoneDirectory.DataAccess", "PhoneDirectory.DataAccess\PhoneDirectory.DataAccess.csproj", "{E98181BF-8DDD-444E-8A74-25B99FE2C080}"
	ProjectSection(ProjectDependencies) = postProject
		{8587F25F-3620-4617-BB87-593A8B397433} = {8587F25F-3620-4617-BB87-593A8B397433}
	EndProjectSection
EndProject
Project("{9A19103F-16F7-4668-BE54-9A1E7A4F7556}") = "PhoneDirectory.Entities", "PhoneDirectory.Entities\PhoneDirectory.Entities.csproj", "{8587F25F-3620-4617-BB87-593A8B397433}"
EndProject
Project("{FAE04EC0-301F-11D3-BF4B-00C04F79EFBC}") = "PhoneDirectory.Business", "PhoneDirectory.Business\PhoneDirectory.Business.csproj", "{3EA49058-01ED-45A0-9EBC-80E58CB553BD}"
EndProject
Global
	GlobalSection(SolutionConfigurationPlatforms) = preSolution
		Debug|Any CPU = Debug|Any CPU
		Release|Any CPU = Release|Any CPU
	EndGlobalSection
	GlobalSection(ProjectConfigurationPlatforms) = postSolution
		{0CA914A2-6715-4431-B24B-0DB8CE7DDC62}.Debug|Any CPU.ActiveCfg = Debug|Any CPU
		{0CA914A2-6715-4431-B24B-0DB8CE7DDC62}.Debug|Any CPU.Build.0 = Debug|Any CPU
		{0CA914A2-6715-4431-B24B-0DB8CE7DDC62}.Release|Any CPU.ActiveCfg = Release|Any CPU
		{0CA914A2-6715-4431-B24B-0DB8CE7DDC62}.Release|Any CPU.Build.0 = Release|Any CPU
		{E98181BF-8DDD-444E-8A74-25B99FE2C080}.Debug|Any CPU.ActiveCfg = Debug|Any CPU
		{E98181BF-8DDD-444E-8A74-25B99FE2C080}.Debug|Any CPU.Build.0 = Debug|Any CPU
		{E98181BF-8DDD-444E-8A74-25B99FE2C080}.Release|Any CPU.ActiveCfg = Release|Any CPU
		{E98181BF-8DDD-444E-8A74-25B99FE2C080}.Release|Any CPU.Build.0 = Release|Any CPU
		{8587F25F-3620-4617-BB87-593A8B397433}.Debug|Any CPU.ActiveCfg = Debug|Any CPU
		{8587F25F-3620-4617-BB87-593A8B397433}.Debug|Any CPU.Build.0 = Debug|Any CPU
		{8587F25F-3620-4617-BB87-593A8B397433}.Release|Any CPU.ActiveCfg = Release|Any CPU
		{8587F25F-3620-4617-BB87-593A8B397433}.Release|Any CPU.Build.0 = Release|Any CPU
		{3EA49058-01ED-45A0-9EBC-80E58CB553BD}.Debug|Any CPU.ActiveCfg = Debug|Any CPU
		{3EA49058-01ED-45A0-9EBC-80E58CB553BD}.Debug|Any CPU.Build.0 = Debug|Any CPU
		{3EA49058-01ED-45A0-9EBC-80E58CB553BD}.Release|Any CPU.ActiveCfg = Release|Any CPU
		{3EA49058-01ED-45A0-9EBC-80E58CB553BD}.Release|Any CPU.Build.0 = Release|Any CPU
	EndGlobalSection
	GlobalSection(SolutionProperties) = preSolution
		HideSolutionNode = FALSE
	EndGlobalSection
	GlobalSection(ExtensibilityGlobals) = postSolution
		SolutionGuid = {FB684993-E389-4BF2-8390-EA4FFE0732A3}
	EndGlobalSection
EndGlobal
